
Microsoft Visual Studio Solution File, Format Version 12.00
# Visual Studio Version 16
VisualStudioVersion = 16.0.28902.138
MinimumVisualStudioVersion = 10.0.40219.1
Project("{9A19103F-16F7-4668-BE54-9A1E7A4F7556}") = "CascLib", "CascLib\CascLib.csproj", "{71547D0D-9DC3-44A4-B25A-F36DDB6C9993}"
EndProject
Global
	GlobalSection(SolutionConfigurationPlatforms) = preSolution
		Debug|Any CPU = Debug|Any CPU
		Release|Any CPU = Release|Any CPU
	EndGlobalSection
	GlobalSection(ProjectConfigurationPlatforms) = postSolution
		{71547D0D-9DC3-44A4-B25A-F36DDB6C9993}.Debug|Any CPU.ActiveCfg = Debug|Any CPU
		{71547D0D-9DC3-44A4-B25A-F36DDB6C9993}.Debug|Any CPU.Build.0 = Debug|Any CPU
		{71547D0D-9DC3-44A4-B25A-F36DDB6C9993}.Release|Any CPU.ActiveCfg = Release|Any CPU
		{71547D0D-9DC3-44A4-B25A-F36DDB6C9993}.Release|Any CPU.Build.0 = Release|Any CPU
	EndGlobalSection
	GlobalSection(SolutionProperties) = preSolution
		HideSolutionNode = FALSE
	EndGlobalSection
	GlobalSection(ExtensibilityGlobals) = postSolution
		SolutionGuid = {2F6B0B2C-0415-4548-8C9D-C29E272C6409}
	EndGlobalSection
EndGlobal
